{
  "originHash" : "a5e0638998c506be237f99a3eb8c95acd478b95998f4431c5630363bcd7d1714",
  "pins" : [
    {
      "identity" : "swift-cmark",
      "kind" : "remoteSourceControl",
      "location" : "https://github.com/swiftlang/swift-cmark.git",
      "state" : {
        "branch" : "gfm",
        "revision" : "924936d0427cb25a61169739a7660230bffa6ea6"
      }
    },
    {
      "identity" : "swift-markdown",
      "kind" : "remoteSourceControl",
      "location" : "https://github.com/swiftlang/swift-markdown.git",
      "state" : {
        "branch" : "main",
        "revision" : "b2135f426fca19029430fbf26564e953b2d0f3d3"
      }
    }
  ],
  "version" : 3
}
